
Microsoft Visual Studio Solution File, Format Version 11.00
# Visual Studio 2010
Project("{FAE04EC0-301F-11D3-BF4B-00C04F79EFBC}") = "Taki.Common", "Taki.Common\Taki.Common.csproj", "{34194DEB-B04B-4B5B-AD7D-D9DE4BB7B363}"
EndProject
Project("{FAE04EC0-301F-11D3-BF4B-00C04F79EFBC}") = "Taki.Client", "Taki.Client\Taki.Client.csproj", "{E5B9B335-6554-47E2-BABD-4D61A10B9700}"
EndProject
Project("{FAE04EC0-301F-11D3-BF4B-00C04F79EFBC}") = "Taki.Server", "Taki.Server\Taki.Server.csproj", "{2D8F3029-D454-4ACA-98C3-3F527EB330A4}"
EndProject
Project("{54435603-DBB4-11D2-8724-00A0C9A8B90C}") = "Taki.Setup", "Taki.Setup\Taki.Setup.vdproj", "{DED45F5B-9150-4A35-9270-96D2C54F1C58}"
EndProject
Global
	GlobalSection(SolutionConfigurationPlatforms) = preSolution
		Debug|Any CPU = Debug|Any CPU
		Debug|Mixed Platforms = Debug|Mixed Platforms
		Debug|x86 = Debug|x86
		Release|Any CPU = Release|Any CPU
		Release|Mixed Platforms = Release|Mixed Platforms
		Release|x86 = Release|x86
	EndGlobalSection
	GlobalSection(ProjectConfigurationPlatforms) = postSolution
		{34194DEB-B04B-4B5B-AD7D-D9DE4BB7B363}.Debug|Any CPU.ActiveCfg = Debug|Any CPU
		{34194DEB-B04B-4B5B-AD7D-D9DE4BB7B363}.Debug|Any CPU.Build.0 = Debug|Any CPU
		{34194DEB-B04B-4B5B-AD7D-D9DE4BB7B363}.Debug|Mixed Platforms.ActiveCfg = Debug|Any CPU
		{34194DEB-B04B-4B5B-AD7D-D9DE4BB7B363}.Debug|Mixed Platforms.Build.0 = Debug|Any CPU
		{34194DEB-B04B-4B5B-AD7D-D9DE4BB7B363}.Debug|x86.ActiveCfg = Debug|Any CPU
		{34194DEB-B04B-4B5B-AD7D-D9DE4BB7B363}.Release|Any CPU.ActiveCfg = Release|Any CPU
		{34194DEB-B04B-4B5B-AD7D-D9DE4BB7B363}.Release|Any CPU.Build.0 = Release|Any CPU
		{34194DEB-B04B-4B5B-AD7D-D9DE4BB7B363}.Release|Mixed Platforms.ActiveCfg = Release|Any CPU
		{34194DEB-B04B-4B5B-AD7D-D9DE4BB7B363}.Release|Mixed Platforms.Build.0 = Release|Any CPU
		{34194DEB-B04B-4B5B-AD7D-D9DE4BB7B363}.Release|x86.ActiveCfg = Release|Any CPU
		{E5B9B335-6554-47E2-BABD-4D61A10B9700}.Debug|Any CPU.ActiveCfg = Debug|x86
		{E5B9B335-6554-47E2-BABD-4D61A10B9700}.Debug|Mixed Platforms.ActiveCfg = Debug|x86
		{E5B9B335-6554-47E2-BABD-4D61A10B9700}.Debug|Mixed Platforms.Build.0 = Debug|x86
		{E5B9B335-6554-47E2-BABD-4D61A10B9700}.Debug|x86.ActiveCfg = Debug|x86
		{E5B9B335-6554-47E2-BABD-4D61A10B9700}.Debug|x86.Build.0 = Debug|x86
		{E5B9B335-6554-47E2-BABD-4D61A10B9700}.Release|Any CPU.ActiveCfg = Release|x86
		{E5B9B335-6554-47E2-BABD-4D61A10B9700}.Release|Mixed Platforms.ActiveCfg = Release|x86
		{E5B9B335-6554-47E2-BABD-4D61A10B9700}.Release|Mixed Platforms.Build.0 = Release|x86
		{E5B9B335-6554-47E2-BABD-4D61A10B9700}.Release|x86.ActiveCfg = Release|x86
		{E5B9B335-6554-47E2-BABD-4D61A10B9700}.Release|x86.Build.0 = Release|x86
		{2D8F3029-D454-4ACA-98C3-3F527EB330A4}.Debug|Any CPU.ActiveCfg = Debug|x86
		{2D8F3029-D454-4ACA-98C3-3F527EB330A4}.Debug|Mixed Platforms.ActiveCfg = Debug|x86
		{2D8F3029-D454-4ACA-98C3-3F527EB330A4}.Debug|Mixed Platforms.Build.0 = Debug|x86
		{2D8F3029-D454-4ACA-98C3-3F527EB330A4}.Debug|x86.ActiveCfg = Debug|x86
		{2D8F3029-D454-4ACA-98C3-3F527EB330A4}.Debug|x86.Build.0 = Debug|x86
		{2D8F3029-D454-4ACA-98C3-3F527EB330A4}.Release|Any CPU.ActiveCfg = Release|x86
		{2D8F3029-D454-4ACA-98C3-3F527EB330A4}.Release|Mixed Platforms.ActiveCfg = Release|x86
		{2D8F3029-D454-4ACA-98C3-3F527EB330A4}.Release|Mixed Platforms.Build.0 = Release|x86
		{2D8F3029-D454-4ACA-98C3-3F527EB330A4}.Release|x86.ActiveCfg = Release|x86
		{2D8F3029-D454-4ACA-98C3-3F527EB330A4}.Release|x86.Build.0 = Release|x86
		{DED45F5B-9150-4A35-9270-96D2C54F1C58}.Debug|Any CPU.ActiveCfg = Debug
		{DED45F5B-9150-4A35-9270-96D2C54F1C58}.Debug|Mixed Platforms.ActiveCfg = Debug
		{DED45F5B-9150-4A35-9270-96D2C54F1C58}.Debug|x86.ActiveCfg = Debug
		{DED45F5B-9150-4A35-9270-96D2C54F1C58}.Release|Any CPU.ActiveCfg = Release
		{DED45F5B-9150-4A35-9270-96D2C54F1C58}.Release|Mixed Platforms.ActiveCfg = Release
		{DED45F5B-9150-4A35-9270-96D2C54F1C58}.Release|x86.ActiveCfg = Release
	EndGlobalSection
	GlobalSection(SolutionProperties) = preSolution
		HideSolutionNode = FALSE
	EndGlobalSection
EndGlobal
